github.com/airbnb/lottie-web v5.12.2+incompatible h1:Ldogtlhiucf7mMsgisyxSBY0qunV44+lpa9Icy2KoQc=
github.com/airbnb/lottie-web v5.12.2+incompatible/go.mod h1:nTss557UK9FGnp8QYlCMO29tjUHwbdAHG/DprbGfHGE=
github.com/gethinode/hinode v0.16.1 h1:UJ4tn1FyaFvHRwUFhi1SMKmNIvI2DAdgdHdej2iDhSs=
github.com/gethinode/hinode v0.16.1/go.mod h1:xqMr5rSBg/DFNyh67VdUNT1oHdqSMvUa+uewH2KA5Zo=
github.com/gethinode/hinode v0.16.2 h1:OMiK3ww0IzCv66Of0ROr/0oyUFWm1Efg/zY8UdpGNOw=
github.com/gethinode/hinode v0.16.2/go.mod h1:xqMr5rSBg/DFNyh67VdUNT1oHdqSMvUa+uewH2KA5Zo=
github.com/gethinode/hinode v0.16.3 h1:icMqtPS/m3FD3/HIJefzr1uGP0tGUMuMu3pAJt99yHI=
github.com/gethinode/hinode v0.16.3/go.mod h1:xqMr5rSBg/DFNyh67VdUNT1oHdqSMvUa+uewH2KA5Zo=
github.com/gethinode/hinode v0.17.4 h1:95V5yCVPuIYWtEpmgtwPaJdWboyOPYWVmLoU9JN59YI=
github.com/gethinode/hinode v0.17.4/go.mod h1:f0z7aKz8YoFYOuv7C3DKEhC67B3lb2jvYRV2noiEaYk=
github.com/gethinode/hinode v0.18.1 h1:KSqEYkpC3fP8gOT1ZFSE6HbTNvb+AVW4xUxu2u2V5hI=
github.com/gethinode/hinode v0.18.1/go.mod h1:TcI/H42BxRS4UNqz9/bC246sYC6z3Ssfv0ZuOF5wEpM=
github.com/gethinode/hinode v0.18.2 h1:6h0I8msw7+4q8d8sn23rMU2PUnbJFZnuQWRX3ihMA8A=
github.com/gethinode/hinode v0.18.2/go.mod h1:TcI/H42BxRS4UNqz9/bC246sYC6z3Ssfv0ZuOF5wEpM=
github.com/gethinode/hinode v0.18.3 h1:uYZ3I52GynklBM1Dr/tA8DKrjAp454DiRU2t7TGXNiw=
github.com/gethinode/hinode v0.18.3/go.mod h1:TcI/H42BxRS4UNqz9/bC246sYC6z3Ssfv0ZuOF5wEpM=
github.com/gethinode/hinode v0.18.5 h1:6oKtmz2EPfOMY6sy15GWDIJcpjlsswPl78ZqwsCvcwI=
github.com/gethinode/hinode v0.18.5/go.mod h1:TcI/H42BxRS4UNqz9/bC246sYC6z3Ssfv0ZuOF5wEpM=
github.com/gethinode/hinode v0.18.6 h1:AWzrwNOEtRIs67FjNCmeN4yL/bXf1FbCTAqHg2FfQiQ=
github.com/gethinode/hinode v0.18.6/go.mod h1:TcI/H42BxRS4UNqz9/bC246sYC6z3Ssfv0ZuOF5wEpM=
github.com/gethinode/hinode v0.18.7 h1:I2MwE1K2E7TjTiPaHUNGNLrD0FGxN0oS3svMlluGrmE=
github.com/gethinode/hinode v0.18.7/go.mod h1:TcI/H42BxRS4UNqz9/bC246sYC6z3Ssfv0ZuOF5wEpM=
github.com/gethinode/hinode v0.19.0 h1:7QDAA0RGUvFJMlmzoBfUy8b27yI5+84xPBc5/1qfWrU=
github.com/gethinode/hinode v0.19.0/go.mod h1:2+ioIlr+xp8k1eES6vGXWmmoxu+Mz+FHan3Ea8YPFd0=
github.com/gethinode/hinode v0.20.0 h1:A6lxLIdKUMHOFWz9D7iQaSpqcMlKDPK1e/Cs3/SV1P8=
github.com/gethinode/hinode v0.20.0/go.mod h1:/q/TH3TlGSzBHunDb3TdrpO7Zrckr0CeLay/Qpj9uWQ=
github.com/gethinode/hinode v0.20.1 h1:M2sNX1lpzwlogYFzn1fzZ5zTHU52zb7oSHIEnTze9LA=
github.com/gethinode/hinode v0.20.1/go.mod h1:55zVYVPWwIaJVdVXxDAQZn0sOXmPSA/kTLCuGLYCH/k=
github.com/gethinode/hinode v0.20.2 h1:2Tcz593v9CAezogZzX9fXiN49nbUCkFbOacsAyjM1YI=
github.com/gethinode/hinode v0.20.2/go.mod h1:55zVYVPWwIaJVdVXxDAQZn0sOXmPSA/kTLCuGLYCH/k=
github.com/gethinode/hinode v0.20.3 h1:isWMVc6NAN3FuzXnIrvLKkaWbtwtyp7jYwoHGJdGx/4=
github.com/gethinode/hinode v0.20.3/go.mod h1:55zVYVPWwIaJVdVXxDAQZn0sOXmPSA/kTLCuGLYCH/k=
github.com/gethinode/hinode v0.20.4 h1:bdO6SqgY5goC1GhplfWXF4I7wDvPPGe0MZYqE4ygNU4=
github.com/gethinode/hinode v0.20.4/go.mod h1:mGm4kP3NaGNdlnchj6UjxF0PsZ+bVTP1Rhjtq30kidQ=
github.com/gethinode/hinode v0.20.5 h1:rzzBBHjW1DrH8R8h11xp5ugPKfUqsZge6vBo15tjxZc=
github.com/gethinode/hinode v0.20.5/go.mod h1:cJjvH62yO9H9XHWatxHRasCvi8D4KXldR1ZQVCa5+Kc=
github.com/gethinode/hinode v0.20.7 h1:oO94X9qLepgk5yPnyma0U80fZyx0LJGNNRJ2Px5na0Y=
github.com/gethinode/hinode v0.20.7/go.mod h1:NKzXcB6LErY5jTUhvi/w6TBihwjujLVNuWVbrcwUBOk=
github.com/gethinode/hinode v0.21.0 h1:gPnK+rWLM46/hMmWuHl/OCFGOWHvqnt49MecyN/hD2s=
github.com/gethinode/hinode v0.21.0/go.mod h1:mSWl0+6KoTgaigrOOLlHGDHQegXy5RnXXzLBQGvF6R0=
github.com/gethinode/hinode v0.21.1 h1:OsPj0sat4mbNk0O9tMckoRCXXzqqcd7kbAU6O4ko7DM=
github.com/gethinode/hinode v0.21.1/go.mod h1:mnFdtrNWrQqKaGJygGmp722a1KAY2X6gmJ8+EmxFXiA=
github.com/gethinode/hinode v0.21.5 h1:lcmSctLjV1GOewdPkPXuJltQajBtvlqyIUsqOI/Fmzc=
github.com/gethinode/hinode v0.21.5/go.mod h1:mnFdtrNWrQqKaGJygGmp722a1KAY2X6gmJ8+EmxFXiA=
github.com/gethinode/hinode v0.21.8 h1:6uTvj8JzbiSeOugtD8cO0MTZ3GPksbxpr+U1ADNzckg=
github.com/gethinode/hinode v0.21.8/go.mod h1:Mz+nwNvCIaxuR88uFUVg4ZU2bsYpXZU9SoWwenr7kf4=
github.com/gethinode/hinode v0.21.10 h1:7XvFml4Sgn+a3weF4Y6YbS4XAh8ZYuKMRkrG7ui3GAE=
github.com/gethinode/hinode v0.21.10/go.mod h1:zMWE7yhYK+i/GXDBSZxtLt6iVv/mYZIqGZgEqiTWmPY=
github.com/gethinode/hinode v0.21.11 h1:QYfLb0aOM1zLyRacuZmMeKoW2YCgxBL4xGeO3Da34NQ=
github.com/gethinode/hinode v0.21.11/go.mod h1:fhOLkYf44ngah7wtFP56lZkwRXiZDlYQomb+ojKrHSw=
github.com/gethinode/hinode v0.22.0 h1:Xyum+9nzFAHXlApwT2yfuEJXQbrGhWTA/y3njiK6Lp4=
github.com/gethinode/hinode v0.22.0/go.mod h1:svZ+xbzxkX3DNkqTw7g/W0QJRCjl+kK8k2xo8Jh1qq4=
github.com/gethinode/hinode v0.22.2 h1:RMZI6QbNcJ4cD8S3CPnnod0r/FvqAARYvjGRmYhe78s=
github.com/gethinode/hinode v0.22.2/go.mod h1:svZ+xbzxkX3DNkqTw7g/W0QJRCjl+kK8k2xo8Jh1qq4=
github.com/gethinode/hinode v0.22.3 h1:+9z1hiNlzVYp9XM1eJmeZl4GIXR3xzIRX72UHycRPUA=
github.com/gethinode/hinode v0.22.3/go.mod h1:JlEOofQ95D117XViwkzAql+gPSJqjgoJr+EEP0IdN4U=
github.com/gethinode/hinode v0.22.4 h1:Kkjl5jUOhmsCHnfTK8YpXif4jjL5sWGK12VV0C5tgzA=
github.com/gethinode/hinode v0.22.4/go.mod h1:fQ8tAaqw06mfTBaSyh0F+A3SFA0RoN5U024aR2fGDhQ=
github.com/gethinode/hinode v0.22.5 h1:zpjSDgWQVbq4BjPduxwexQB18gawFeinzPkaRRTs2Tg=
github.com/gethinode/hinode v0.22.5/go.mod h1:hsskrlBRnTbpCjrDtGbK8C1VYGML7ezHtCDGDiYL2mQ=
github.com/gethinode/hinode v0.23.1 h1:H5o0Szu1jJRItC48swzgEu4EX2ph7XJn///Kl/QwA0c=
github.com/gethinode/hinode v0.23.1/go.mod h1:jGj5lTBDHl5jRPP+8NEUgRN2xzlLkyy5hB8jVpMBU1w=
github.com/gethinode/hinode v0.23.2 h1:FTTadd/AvROtOwQ0h5NPR+Pc25gPvjlnXM5EdwUuuzk=
github.com/gethinode/hinode v0.23.2/go.mod h1:jGj5lTBDHl5jRPP+8NEUgRN2xzlLkyy5hB8jVpMBU1w=
github.com/gethinode/hinode v0.23.4 h1:+3G9qg0jjrRiPsR0U1UGSO9IgJWbmS3t1IbrbOlGQOo=
github.com/gethinode/hinode v0.23.4/go.mod h1:jGj5lTBDHl5jRPP+8NEUgRN2xzlLkyy5hB8jVpMBU1w=
github.com/gethinode/hinode v0.23.7 h1:YkA90ERURcx98xlNu8fTyJg4EmqUK57OLEzs6v+zOh4=
github.com/gethinode/hinode v0.23.7/go.mod h1:jGj5lTBDHl5jRPP+8NEUgRN2xzlLkyy5hB8jVpMBU1w=
github.com/gethinode/hinode v0.23.10 h1:E8vCqO4qlcIO3pNNc+jfvUGxOalhBqKYKSszupupkIA=
github.com/gethinode/hinode v0.23.10/go.mod h1:d5nhpxKXt4LPE4nNM1OEeSwg1J33b63e5w0/3Q8hOis=
github.com/gethinode/hinode v0.23.11 h1:a0t8zsUtRfMUewQUnk27jcezR2KUNwwSde9bn3cwkf8=
github.com/gethinode/hinode v0.23.11/go.mod h1:d5nhpxKXt4LPE4nNM1OEeSwg1J33b63e5w0/3Q8hOis=
github.com/gethinode/hinode v0.23.12 h1:nFOArHRKnyw7XpGvwCK80cCprltgxMxv4TtKYWIv2kU=
github.com/gethinode/hinode v0.23.12/go.mod h1:y6z/nSq77T0itLUPY/aUlT35rIWknzllUecAk30Vm6U=
github.com/gethinode/hinode v0.23.15 h1:lLUbukRURUTb6X5DkLpbHUiUZF/S4ekqNgbD+PupeGY=
github.com/gethinode/hinode v0.23.15/go.mod h1:ZeVZDRjvPMosmTVG3RWBvaHvWaNbjYf7/3fF/LxXOVw=
github.com/gethinode/hinode v0.23.17 h1:TeFQjdUlryQSzutjcBbqSRDDaIO/CGPdJIu1T+37Jo0=
github.com/gethinode/hinode v0.23.17/go.mod h1:ZeVZDRjvPMosmTVG3RWBvaHvWaNbjYf7/3fF/LxXOVw=
github.com/gethinode/hinode v0.23.19 h1:61QbBRwxp+iajrCkbyw2JrvyCWq819kOYwQjkgZez08=
github.com/gethinode/hinode v0.23.19/go.mod h1:ZeVZDRjvPMosmTVG3RWBvaHvWaNbjYf7/3fF/LxXOVw=
github.com/gethinode/hinode v0.24.0 h1:4OqbBJXlsatxTF5CJBykgpX9q4KEzMLAAq9aCVxV0qs=
github.com/gethinode/hinode v0.24.0/go.mod h1:vqVpjzVwOJVZSqpKTiS+8l8uR/rhVMqMxZqpPMSkM4E=
github.com/gethinode/hinode v0.24.1 h1:+t1Q6mv38x5o9fmjrIt7f2HLkr7xyoToIbPkaJoOZyY=
github.com/gethinode/hinode v0.24.1/go.mod h1:Fck4IozLCFi6ISNFIOKu4KqS188/4fVPQwxqqRBcv44=
github.com/gethinode/hinode v0.24.2 h1:46jGgIJnkA+o9M9BQfyeqMIDP983VF32Ker7havGMpc=
github.com/gethinode/hinode v0.24.2/go.mod h1:fKFWr9VndV/rXHmvKkdq1cbc5ESafSbgcWlaBXD+Hds=
github.com/gethinode/hinode v0.24.3 h1:PaBOHpya4Wv1qC0nF+T2BeyAeQ7rew6wgGoS7kMAxMc=
github.com/gethinode/hinode v0.24.3/go.mod h1:fKFWr9VndV/rXHmvKkdq1cbc5ESafSbgcWlaBXD+Hds=
github.com/gethinode/hinode v0.24.5 h1:ozhxKD6OfDHUu7KTaJe3P0gm/BUDTY+AxMvFM9UKb48=
github.com/gethinode/hinode v0.24.5/go.mod h1:Wkd7Hzimfgt19X+ILBX8Il55wtQdfp6GWbdhEQiobZ4=
github.com/gethinode/hinode v0.24.10 h1:N4q8ZKL/0FG5GPpIXEAzQolN324NjvbMoaKilSmGLVk=
github.com/gethinode/hinode v0.24.10/go.mod h1:FFYzUxTGPGNJKHycxNe9i0Y53p/sdg0NIpSY7Ih2PKE=
github.com/gethinode/hinode v0.24.12 h1:NMH9IeGlpRN/NWtJdHn4Fb3DKp2kkllO0/fEn3XB8Ps=
github.com/gethinode/hinode v0.24.12/go.mod h1:4PU3rfC+OhaO7rwg21RHwNWZS3gBO5nK5Xf1tFhvs84=
github.com/gethinode/hinode v0.24.13 h1:+i6jXXB0ZECCg61yq0dVcLj5r9RErVYF67+4VW2FPWw=
github.com/gethinode/hinode v0.24.13/go.mod h1:ZVv9jOsrthbcCtiFditYgm5j/5DPKZdIggme/fSFJkw=
github.com/gethinode/hinode v0.24.14 h1:jYHt9iATdszAg3Jc7iUT7cubYUZjumt1QZrTwbvaoxc=
github.com/gethinode/hinode v0.24.14/go.mod h1:ZVv9jOsrthbcCtiFditYgm5j/5DPKZdIggme/fSFJkw=
github.com/gethinode/hinode v0.24.24 h1:fjfjOF0oK3S7yjCGXM3jWYE7umAvd696iloNeJFpz+E=
github.com/gethinode/hinode v0.24.24/go.mod h1:5ugWbGrG0Cq+9PRqh9G/W5ZUtkK7oWOLU2n52Bw9mh0=
github.com/gethinode/hinode v0.25.1 h1:sxHnKmvsGhEmzVn3VVADS0G982hFN/V1BjyGaNmCdaI=
github.com/gethinode/hinode v0.25.1/go.mod h1:QAky2N8UYmMzALmCCa9hilOyNB9WXZlk2ci+YfFVFZI=
github.com/gethinode/hinode v0.25.4 h1:ar5sw+XKzjrulAFXuFiYkQKj/4kzVKhZItjW0UcwqTY=
github.com/gethinode/hinode v0.25.4/go.mod h1:EWy+F1ugHCmwOkmdZAEdyUlewikSrx8ZF9hQyUvEqZU=
github.com/gethinode/hinode v0.25.5 h1:1dXd1vQmOj5DzrtVNGxUJFcsOhhozotg8kcLz2tcZwI=
github.com/gethinode/hinode v0.25.5/go.mod h1:WWLbLZe9OnsgwSFFXDqjvx+kty1sLRUgVMhfcc0X3ts=
github.com/gethinode/hinode v0.25.7 h1:b+InrGrAx7h5P2op6CwOyoTY3pjjr6YcbThNO0NNBS8=
github.com/gethinode/hinode v0.25.7/go.mod h1:HJ5Myo59Xlxr4uXD1nMb5ubzjz99xtvfNswapVosdyI=
github.com/gethinode/hinode v0.26.0 h1:9BO7lhIDZKkmUx+GoczmaRrmmwFP+Ld2qXNZFgbc5uA=
github.com/gethinode/hinode v0.26.0/go.mod h1:HJ5Myo59Xlxr4uXD1nMb5ubzjz99xtvfNswapVosdyI=
github.com/gethinode/hinode v0.26.1 h1:hUpLRXk66v2TkXjKS08nYIB4a245UCVqoVweatODCYo=
github.com/gethinode/hinode v0.26.1/go.mod h1:0Ww+TunQSsSuNdrQgFqXb9eroY9hZXMQnU5Tc91/0Zs=
github.com/gethinode/hinode v0.26.6 h1:wHSZlUH+0qH+6ifyGXHen4+QFjuYfbgKAIM44NgrONk=
github.com/gethinode/hinode v0.26.6/go.mod h1:55RIU/2XkuJiJyPE4DUV0J8Q0bTS7dcqhmQB4FARk5c=
github.com/gethinode/hinode v0.26.7 h1:KxsuJ7n6M8DYQNasw8KOAGWUb/OsxA6SMkKDDTcvorU=
github.com/gethinode/hinode v0.26.7/go.mod h1:YYtAJzvr7yTsc/7agiyDyMWm1QMHynqmR/+F5jfUrDQ=
github.com/gethinode/hinode v0.27.0 h1:swZxhrSl1EFrs5THenuw6/RDfXI4gU2P1tghJQaywyc=
github.com/gethinode/hinode v0.27.0/go.mod h1:uiMTMa+EUMB36nUAGWBU8B27imztTuCH2pWLMqGc7hM=
github.com/gethinode/hinode v0.27.2 h1:31IpMXM3iDPxpc2y+yyp/gzqDUu86GuaED3DjIdC6h8=
github.com/gethinode/hinode v0.27.2/go.mod h1:lJgdmaw5yMoS8Az8nYBqikcAO1DqI0hpiX8KpOQLLVM=
github.com/gethinode/hinode v0.27.3 h1:vpJcqVo/be5s1QVmtI34CtxzMn9SkqWxO6+iSmlDCSA=
github.com/gethinode/hinode v0.27.3/go.mod h1:fPC0mX3UnMr8WlI2EK01VP89FxBNXs5/3po2f4b5Z7U=
github.com/gethinode/hinode v0.27.17 h1:rPQmxmFCBIT+S3WBfHRp41d6QYzf/Z/i0BuLi8cvEeo=
github.com/gethinode/hinode v0.27.17/go.mod h1:k+TUNPNBbNY2kNlzDySw3k/GuDHetfKN/qTXKHwlbk0=
github.com/gethinode/mod-bootstrap v1.2.2 h1:Q8E04OKWr9owk7nhQ/NBukUgSFhsECxZsOLEaf5oeiQ=
github.com/gethinode/mod-bootstrap v1.2.2/go.mod h1:DcpPc2cNaXUPGEvhD7npuEEPA7573NvakTlrwFbyjr8=
github.com/gethinode/mod-bootstrap v1.2.5 h1:h6yAlkMZA34wJU3pLFpLxp1ynEBte/YTY4kGEQtMGPE=
github.com/gethinode/mod-bootstrap v1.2.5/go.mod h1:CL9IDot6nbXIWJYE/KxfsTdYYEJIGL17BXbAYPn+wVQ=
github.com/gethinode/mod-bootstrap v1.2.6 h1:joKKVqWzPgitPbUFlU4oIRj72YXsEHkVun3TPf4ZZ2Q=
github.com/gethinode/mod-bootstrap v1.2.6/go.mod h1:CL9IDot6nbXIWJYE/KxfsTdYYEJIGL17BXbAYPn+wVQ=
github.com/gethinode/mod-bootstrap v1.2.8 h1:kIKSO6qqE8xA0KQC5s6kkEv5UDc8oT17HalGIwB+dSc=
github.com/gethinode/mod-bootstrap v1.2.8/go.mod h1:CL9IDot6nbXIWJYE/KxfsTdYYEJIGL17BXbAYPn+wVQ=
github.com/gethinode/mod-bootstrap v1.3.0 h1:UxNmXgXo7gA8C8z1ar47+tSccmKYpaYBBN+txB0pwBk=
github.com/gethinode/mod-bootstrap v1.3.0/go.mod h1:CL9IDot6nbXIWJYE/KxfsTdYYEJIGL17BXbAYPn+wVQ=
github.com/gethinode/mod-bootstrap v1.3.1 h1:ZUX72St0WZ5tyXpEPBJlayX/dmCH3cGErzsozkUKCok=
github.com/gethinode/mod-bootstrap v1.3.1/go.mod h1:CL9IDot6nbXIWJYE/KxfsTdYYEJIGL17BXbAYPn+wVQ=
github.com/gethinode/mod-csp v1.0.3 h1:tRmnuVZ3UpCc9HR8qsAwbU0OJ/UsNVSbse0SZuwGcCg=
github.com/gethinode/mod-csp v1.0.3/go.mod h1:Nb22QMicoUHgZQUKP5TCgVrSI8K3KU7jLuLBShmotjg=
github.com/gethinode/mod-csp v1.0.5 h1:Ypdzw26iQ9/4sAgHvwFY1mg/EMoLrcI2knvVmHq2Ffs=
github.com/gethinode/mod-csp v1.0.5/go.mod h1:Nb22QMicoUHgZQUKP5TCgVrSI8K3KU7jLuLBShmotjg=
github.com/gethinode/mod-flexsearch v1.6.0 h1:Rjx+GLOByFLmaWD9hZXwmuKN8A89te6BZAIq2c9QBKg=
github.com/gethinode/mod-flexsearch v1.6.0/go.mod h1:TXbGbWsvmhBdsTzRt887mcpFfr4ORpzG3+h/l4W3YM4=
github.com/gethinode/mod-flexsearch v1.7.0 h1:VFTf6iUyT9b47jTDAxh8nVHU1eUBrdxlykaC90lTfqk=
github.com/gethinode/mod-flexsearch v1.7.0/go.mod h1:TXbGbWsvmhBdsTzRt887mcpFfr4ORpzG3+h/l4W3YM4=
github.com/gethinode/mod-flexsearch v1.7.1 h1:f4rjKkhleDVzqwUmwP1xZdhjru5VQ9g0MRDz0G6oLyY=
github.com/gethinode/mod-flexsearch v1.7.1/go.mod h1:TXbGbWsvmhBdsTzRt887mcpFfr4ORpzG3+h/l4W3YM4=
github.com/gethinode/mod-flexsearch v1.8.0 h1:rKu9ackmbGAD/CRJYUDUhy/3nDCEj0IgYDiL1bkwzDc=
github.com/gethinode/mod-flexsearch v1.8.0/go.mod h1:TXbGbWsvmhBdsTzRt887mcpFfr4ORpzG3+h/l4W3YM4=
github.com/gethinode/mod-flexsearch v1.8.1 h1:xwPvmmxd8Tdyxp8/rnd9KRGqIDtZs/YwAQJ1i9oQMiM=
github.com/gethinode/mod-flexsearch v1.8.1/go.mod h1:L8hrnpupx27cez2ObMX8gWnhbW6qss4HGH1Ea4UaBRQ=
github.com/gethinode/mod-flexsearch v1.10.0 h1:ymlHu5G2635D/h2axG4jgpGS+Vvtzxg07SZX8pJOJSo=
github.com/gethinode/mod-flexsearch v1.10.0/go.mod h1:L8hrnpupx27cez2ObMX8gWnhbW6qss4HGH1Ea4UaBRQ=
github.com/gethinode/mod-flexsearch v1.10.1 h1:aZ4WjUxfiCV1eiGjIUdP+lRTlOI/flPc6ABUQ99C+Es=
github.com/gethinode/mod-flexsearch v1.10.1/go.mod h1:L8hrnpupx27cez2ObMX8gWnhbW6qss4HGH1Ea4UaBRQ=
github.com/gethinode/mod-flexsearch v1.11.3 h1:ykxpUg8M4vr1C4QzxJOPGt+1ZmPAD/gOCZoFcZxWoWw=
github.com/gethinode/mod-flexsearch v1.11.3/go.mod h1:L8hrnpupx27cez2ObMX8gWnhbW6qss4HGH1Ea4UaBRQ=
github.com/gethinode/mod-flexsearch v1.12.0 h1:zg1IHvc8VO9WEtQuQnuG6HeWFNByvyqC9JYWDtpsP6s=
github.com/gethinode/mod-flexsearch v1.12.0/go.mod h1:L8hrnpupx27cez2ObMX8gWnhbW6qss4HGH1Ea4UaBRQ=
github.com/gethinode/mod-flexsearch v1.12.1 h1:clkGUWaNPe9Dt/66Apy7oH9NwVQfnD6OpGSLffeC9sY=
github.com/gethinode/mod-flexsearch v1.12.1/go.mod h1:L8hrnpupx27cez2ObMX8gWnhbW6qss4HGH1Ea4UaBRQ=
github.com/gethinode/mod-flexsearch/v2 v2.0.1 h1:5unGUSb1tX1LBtKygnLfdt7CnVJuFKSt6VXiKRxdojc=
github.com/gethinode/mod-flexsearch/v2 v2.0.1/go.mod h1:d7MMkVlz0l6cEk76e0mkveEsDxGfu5Sv+HUIhoGguhE=
github.com/gethinode/mod-flexsearch/v2 v2.0.2 h1:5FkLbjORwKvK544H/yaAltyIB7eptRPxxh5VcfDDeqM=
github.com/gethinode/mod-flexsearch/v2 v2.0.2/go.mod h1:d7MMkVlz0l6cEk76e0mkveEsDxGfu5Sv+HUIhoGguhE=
github.com/gethinode/mod-fontawesome v1.5.0 h1:3mW5dnWauuF9wSWXNIY+PPgTNPlc/xQOQoG7XGic1Yk=
github.com/gethinode/mod-fontawesome v1.5.0/go.mod h1:Ki1qkWEOiF0hQpCgWeZRw+HkpL6nd1DxKFptU0O2feI=
github.com/gethinode/mod-fontawesome v1.5.1 h1:C7goQY4HrEua/lpjC++laydNKBuYo1+307ngn5tyXeM=
github.com/gethinode/mod-fontawesome v1.5.1/go.mod h1:Ki1qkWEOiF0hQpCgWeZRw+HkpL6nd1DxKFptU0O2feI=
github.com/gethinode/mod-fontawesome v1.6.1 h1:iqOgDGdw7Bs4hnzjF/8JsUn10omyKQZTglLqNenT1K0=
github.com/gethinode/mod-fontawesome v1.6.1/go.mod h1:Ki1qkWEOiF0hQpCgWeZRw+HkpL6nd1DxKFptU0O2feI=
github.com/gethinode/mod-fontawesome v1.8.0 h1:YEuCmvCdzcemF1eFK35Wnp1asKKO3/xbxGArnjq6PRY=
github.com/gethinode/mod-fontawesome v1.8.0/go.mod h1:uvuC2YL8mdXNp6NRzFOu4TWsHvtY9AZ8YxJkF23/M/8=
github.com/gethinode/mod-fontawesome v1.8.1 h1:iyvULrpaGizQoI5Vl9WjFYcMGWefdyG90NGK2UKax+k=
github.com/gethinode/mod-fontawesome v1.8.1/go.mod h1:xBKsZH3WJtMOItZVlp9SbO51uaBy6IbvUZSKpNu3b6Y=
github.com/gethinode/mod-fontawesome v1.8.2 h1:LAzLytyh9c9gLzBWMju6Gtp3uEojhBQEYw0o38EUKZY=
github.com/gethinode/mod-fontawesome v1.8.2/go.mod h1:xBKsZH3WJtMOItZVlp9SbO51uaBy6IbvUZSKpNu3b6Y=
github.com/gethinode/mod-fontawesome v1.9.0 h1:xqUB8AnezMHAt8lye4ksqvmHSVPCOkiHsHGUbqNoeP0=
github.com/gethinode/mod-fontawesome v1.9.0/go.mod h1:xBKsZH3WJtMOItZVlp9SbO51uaBy6IbvUZSKpNu3b6Y=
github.com/gethinode/mod-fontawesome v1.9.1 h1:cQk84vriqffM4fuUUoM9j3SSD+3ppeW2j4ta7AiToMU=
github.com/gethinode/mod-fontawesome v1.9.1/go.mod h1:xBKsZH3WJtMOItZVlp9SbO51uaBy6IbvUZSKpNu3b6Y=
github.com/gethinode/mod-fontawesome v1.10.0 h1:Izs2AKc+YVBa1TywcH54OKLTNCUMXRoFIqOs+n0FgOo=
github.com/gethinode/mod-fontawesome v1.10.0/go.mod h1:xBKsZH3WJtMOItZVlp9SbO51uaBy6IbvUZSKpNu3b6Y=
github.com/gethinode/mod-google-analytics v1.1.3 h1:24qxV5vKIex3zSdow+5r0o8rox1lrO31oGi0/XusBy4=
github.com/gethinode/mod-google-analytics v1.1.3/go.mod h1:dl628cFozpCvoIMCiV7ujzQipjxcm3eatXrSfLPWNII=
github.com/gethinode/mod-google-analytics v1.1.5 h1:wlOcgwNEJAnIQmPJIo3cT06xnr1dxN/ydUIztoC/7rM=
github.com/gethinode/mod-google-analytics v1.1.5/go.mod h1:dl628cFozpCvoIMCiV7ujzQipjxcm3eatXrSfLPWNII=
github.com/gethinode/mod-katex v1.0.4 h1:NozgWPFnHhx1W+E9DnwMTRpvxPbdqdANEtwp9N3/mj8=
github.com/gethinode/mod-katex v1.0.4/go.mod h1:byAfpI3wuqNJIooTGVEGc1cjBhhCy4+CcK1H6495MYg=
github.com/gethinode/mod-katex v1.0.5 h1:AVhcTINYory0ygChQERf8PcyJkbT1oqhmLRF6ESnWOY=
github.com/gethinode/mod-katex v1.0.5/go.mod h1:byAfpI3wuqNJIooTGVEGc1cjBhhCy4+CcK1H6495MYg=
github.com/gethinode/mod-katex v1.0.7 h1:FTEhvi3r+O5lPeOxB7OsanFZuAB14yC5fIk3DqhkNyY=
github.com/gethinode/mod-katex v1.0.7/go.mod h1:byAfpI3wuqNJIooTGVEGc1cjBhhCy4+CcK1H6495MYg=
github.com/gethinode/mod-katex v1.0.8 h1:tFGFz/JIEogCz4wvUsUncrOsOupPxsjP+TwU/3NxIjY=
github.com/gethinode/mod-katex v1.0.8/go.mod h1:byAfpI3wuqNJIooTGVEGc1cjBhhCy4+CcK1H6495MYg=
github.com/gethinode/mod-katex v1.0.9 h1:cCJoR28tZwkDvXps17o9Jwfe3aQQAZ3Rxk0jCNRQdbU=
github.com/gethinode/mod-katex v1.0.9/go.mod h1:byAfpI3wuqNJIooTGVEGc1cjBhhCy4+CcK1H6495MYg=
github.com/gethinode/mod-katex v1.1.0 h1:PxST3HPUt6F2X/xKakTVeTkwWqCtEr53K1vYEOyQu3I=
github.com/gethinode/mod-katex v1.1.0/go.mod h1:byAfpI3wuqNJIooTGVEGc1cjBhhCy4+CcK1H6495MYg=
github.com/gethinode/mod-katex v1.1.1 h1:z8+mfVI6UTWcfpQMVPIzxQzt6Lp9BcmXxSOILQ84qFg=
github.com/gethinode/mod-katex v1.1.1/go.mod h1:byAfpI3wuqNJIooTGVEGc1cjBhhCy4+CcK1H6495MYg=
github.com/gethinode/mod-katex v1.1.2 h1:TbeVIWeG5TqldlVxpM1upOWj11RljXy4fhpOQIwOnS4=
github.com/gethinode/mod-katex v1.1.2/go.mod h1:byAfpI3wuqNJIooTGVEGc1cjBhhCy4+CcK1H6495MYg=
github.com/gethinode/mod-leaflet v0.3.5 h1:69Bv/6zRXhbcTzo7TMr58h3ry47srHRpM1k81LrLbYU=
github.com/gethinode/mod-leaflet v0.3.5/go.mod h1:uGggt87x4Fw7wBoJpSiUvNkYg+s/Ujne7klAX2rxMRk=
github.com/gethinode/mod-leaflet v0.4.0 h1:Xc6c1UTf4m1saQLFfFWT5sEpwj25xVGuS8csGC82UUI=
github.com/gethinode/mod-leaflet v0.4.0/go.mod h1:yr+bUKAstifdB16mbYh69OayAmgPOlNUubAmVn5eL2M=
github.com/gethinode/mod-leaflet v1.0.0 h1:HdnWafOGkkK1hYGfqLYF3pp9dAFS/caxlzML9sO1rCc=
github.com/gethinode/mod-leaflet v1.0.0/go.mod h1:Ei0x9WiL7Dbi4JeG6yI1CE63bT1QJ8sKi67Jea1wFSE=
github.com/gethinode/mod-leaflet v1.0.1 h1:L4Coe6HTD9O0Txs1S8AtVg+6/TEneSF9i6fJK8jdWUw=
github.com/gethinode/mod-leaflet v1.0.1/go.mod h1:Ei0x9WiL7Dbi4JeG6yI1CE63bT1QJ8sKi67Jea1wFSE=
github.com/gethinode/mod-leaflet v1.1.0 h1:FXzPCic5XmUluxQ6e7LYUhhLnxuQOBwry8qjG9k30UY=
github.com/gethinode/mod-leaflet v1.1.0/go.mod h1:Ei0x9WiL7Dbi4JeG6yI1CE63bT1QJ8sKi67Jea1wFSE=
github.com/gethinode/mod-leaflet v1.1.1 h1:AIHR4k8SjmeoZxtjLgSS6/N3jKeZNZGdZTgu/7MwP4c=
github.com/gethinode/mod-leaflet v1.1.1/go.mod h1:Ei0x9WiL7Dbi4JeG6yI1CE63bT1QJ8sKi67Jea1wFSE=
github.com/gethinode/mod-leaflet v1.2.0 h1:5q5LHmGNi9N4cdRDCsl/6oI8vY3oQ2ogNUjP3NCnk4Y=
github.com/gethinode/mod-leaflet v1.2.0/go.mod h1:Ei0x9WiL7Dbi4JeG6yI1CE63bT1QJ8sKi67Jea1wFSE=
github.com/gethinode/mod-lottie v1.3.0 h1:vQ8CXkjdp2IeFskTzu+ZnKOEio8GtN08urVK+oCH81E=
github.com/gethinode/mod-lottie v1.3.0/go.mod h1:erRCgSL2FCfKHI0jQbSpM+g0jXl7SjKVJrh7kWGteKs=
github.com/gethinode/mod-lottie v1.4.0 h1:0Ls1Q/8p0gQpuX9+dtfNGKcjBNeymjE7gERdnN3lCCE=
github.com/gethinode/mod-lottie v1.4.0/go.mod h1:57eu6glS5oxkew2dB1P2zsbhw444aRX0XfuyDe7k/dk=
github.com/gethinode/mod-lottie v1.4.1 h1:RzCjYsxFPqyBsYAcdPeUP0rvF+hD9eEl7NrxuaRiKQQ=
github.com/gethinode/mod-lottie v1.4.1/go.mod h1:QjKlEmYbekrNGwa9EdFlPcXxwWWcraJUQ6xIL+syA60=
github.com/gethinode/mod-lottie v1.4.4 h1:Lv7J+lAMx++aK9h0L7vAgsjyOZgrjux4xPz4Tpza8n4=
github.com/gethinode/mod-lottie v1.4.4/go.mod h1:7tsZjlFgMlj2iWBIS9uOtHHsCrfx9W7S8OsBrZeSVGU=
github.com/gethinode/mod-lottie v1.4.6 h1:L6zvfbq+FQUWTG3X/wWFCvb91WOxJuIkJUlZOd+QJ1Q=
github.com/gethinode/mod-lottie v1.4.6/go.mod h1:1/+7U/Q5IuaqkzTrvXK1CnPE7ANnTRsG5k+KaXQUQwE=
github.com/gethinode/mod-lottie v1.5.3 h1:fvCjCoZoCEhY2aou30oEsEo6N4tVSI0ijFyXS3wNib0=
github.com/gethinode/mod-lottie v1.5.3/go.mod h1:XHVMuPsuJIm9/Eb2ql4jsT49/BQqMlBiirQoty4uHAo=
github.com/gethinode/mod-lottie v1.5.4 h1:+xbamSsjcnP2tyzGl0CA1enma7gkAp67wenmuP0XELY=
github.com/gethinode/mod-lottie v1.5.4/go.mod h1:gALqz48aYpoDLxJOI3LzIpdy0Eq/lOBNtlcOxABa9tg=
github.com/gethinode/mod-lottie v1.5.5 h1:uEJKsz+ovsZtbGkMhPONcIhtG6M3RjYiK+iVoScLOVo=
github.com/gethinode/mod-lottie v1.5.5/go.mod h1:VTvBxD8VokICwnEqM0VUZFZHBYxLf4/grDFQyEh1DL0=
github.com/gethinode/mod-lottie v1.5.6 h1:dxz5nmD0XXEt/DAOc1s5fIPynj5bhzDL32EEwLFCSmk=
github.com/gethinode/mod-lottie v1.5.6/go.mod h1:VTvBxD8VokICwnEqM0VUZFZHBYxLf4/grDFQyEh1DL0=
github.com/gethinode/mod-lottie v1.5.7 h1:hcf04kmKv7xrI2byxtgHwkScYIHfP9aquInHNZP+qbk=
github.com/gethinode/mod-lottie v1.5.7/go.mod h1:rhWg+MSSnWmqHKNEViE/9/78RjQD6uWWFASgjvFjgyo=
github.com/gethinode/mod-lottie v1.5.8 h1:glg5HcjOBkFt5MoF7p24NN+RzctExPQUDXvdhPx9u6I=
github.com/gethinode/mod-lottie v1.5.8/go.mod h1:Z/FlAcCJWYI1Z9tQnL0yRN4lqhyZl9CqYpfJUPVDaGc=
github.com/gethinode/mod-lottie v1.5.11 h1:xhxBPDS0iyUY+C1ANaD5EeQV7fO1FG0wMoCjgrCMi/0=
github.com/gethinode/mod-lottie v1.5.11/go.mod h1:6FKqk8c+Jkbk2udCxUKVLF1K1wrGwthPsOvRzeoPXRQ=
github.com/gethinode/mod-lottie v1.5.12 h1:ny+5DfxWpgRPszhrSUqg+BcNt05ai1OvPAEgCuioFnA=
github.com/gethinode/mod-lottie v1.5.12/go.mod h1:0WZP8x7duK/AIZ8fWdZNRnteG03kYfLtsaph7z1mdOg=
github.com/gethinode/mod-simple-datatables v1.0.2 h1:zhqxHet3iLQWYCBbGROALpOY9zQlptMycFkz1Tto5bA=
github.com/gethinode/mod-simple-datatables v1.0.2/go.mod h1:mmrcvAJU2i3SMU56VmQ5PW43uDXBcsJKcZwCHrvl3Kc=
github.com/gethinode/mod-simple-datatables v1.0.3 h1:JL2nBlEHWMmkE7EZrpfpmzka47dklJUh23/xKJkOQoI=
github.com/gethinode/mod-simple-datatables v1.0.3/go.mod h1:mmrcvAJU2i3SMU56VmQ5PW43uDXBcsJKcZwCHrvl3Kc=
github.com/gethinode/mod-simple-datatables v1.0.5 h1:2Aa4k1Bd1WEYHbskFQj+1X35BB7abB8RXHE7Uk2N4pg=
github.com/gethinode/mod-simple-datatables v1.0.5/go.mod h1:mmrcvAJU2i3SMU56VmQ5PW43uDXBcsJKcZwCHrvl3Kc=
github.com/gethinode/mod-simple-datatables v1.0.6 h1:voKiwLAfC7kfD+atv7ah0sOf8OcPRyxEB/Q92gx1d00=
github.com/gethinode/mod-simple-datatables v1.0.6/go.mod h1:Y7AzIYAWpzDKLvH96eqBA/Gs3jompWCgxadLuoKZ/rc=
github.com/gethinode/mod-simple-datatables v1.0.7 h1:pfxWhgmn/njJcynNIDnUyeOBW0tsy2E4TP21sEYsqRs=
github.com/gethinode/mod-simple-datatables v1.0.7/go.mod h1:Y7AzIYAWpzDKLvH96eqBA/Gs3jompWCgxadLuoKZ/rc=
github.com/gethinode/mod-simple-datatables v1.0.8 h1:J8hA+SXdTLaRNZwN70ZEyADn+VgNoAaxVDMXsMPTZBg=
github.com/gethinode/mod-simple-datatables v1.0.8/go.mod h1:RsTHWAt1J9/m7kzhYNSJB7CDyk+8DrG+46/aFrP6KJw=
github.com/gethinode/mod-simple-datatables v1.0.9 h1:8OnpY/axFkgxJ598DHW4nDtxsCYmgTakAG4ZC2wRS3A=
github.com/gethinode/mod-simple-datatables v1.0.9/go.mod h1:rgQWdDZ6lTR9+08dGY1zBDLZI/UneKPufakAK20+lmI=
github.com/gethinode/mod-simple-datatables v1.0.10 h1:/nYy4oCgooUJhTBgLdQzMnJEjolkD+dp2nkfLNT9Klg=
github.com/gethinode/mod-simple-datatables v1.0.10/go.mod h1:rgQWdDZ6lTR9+08dGY1zBDLZI/UneKPufakAK20+lmI=
github.com/gethinode/mod-simple-datatables v1.0.14 h1:332WtbaQtTm7VP0b7zYfpogTBcOEetkJrNd01K4d/JE=
github.com/gethinode/mod-simple-datatables v1.0.14/go.mod h1:mP3yjAdVE1G6JHfv8VVsRmvaPlPwddXknI675AuVs2I=
github.com/gethinode/mod-simple-datatables v1.1.4 h1:8+uwaEBoh8N2T2sHlcIcxqAGaHPqT0YhPBmr2SFWBCY=
github.com/gethinode/mod-simple-datatables v1.1.4/go.mod h1:8q/6f3uAPNTTP5NjEJOuXr6tEWelRFLJfzVJ3AODMlQ=
github.com/gethinode/mod-utils v1.0.0 h1:cqHm2xS5uDiJzRm1KfHaNbq6uMVDKLhQa8/BuTZ1nhY=
github.com/gethinode/mod-utils v1.0.0/go.mod h1:ONJm3pHCq7nvaPNjusLZNCeCbhOhSBH4HVKHwK1FdYE=
github.com/gethinode/mod-utils v1.0.1 h1:jhZGlGFHHL1f5HXbBMXfiZ2gCz4TVafAzjnRPTIBSEE=
github.com/gethinode/mod-utils v1.0.1/go.mod h1:ONJm3pHCq7nvaPNjusLZNCeCbhOhSBH4HVKHwK1FdYE=
github.com/gethinode/mod-utils v1.0.2 h1:0b3i+/bBHY1Td9N6khDbL1nf3d5HGc4QzI4BbEWHoU4=
github.com/gethinode/mod-utils v1.0.2/go.mod h1:ONJm3pHCq7nvaPNjusLZNCeCbhOhSBH4HVKHwK1FdYE=
github.com/gethinode/mod-utils v1.0.3 h1:FF6lnam0Bcdj7G1E5P+qi5ByPrl1npL+3uS5YoPx1C0=
github.com/gethinode/mod-utils v1.0.3/go.mod h1:ONJm3pHCq7nvaPNjusLZNCeCbhOhSBH4HVKHwK1FdYE=
github.com/gethinode/mod-utils v1.1.0 h1:a82h/DQTKc5hxf/ExDoZqJCJmVLT0dtyU8tf78yOPFw=
github.com/gethinode/mod-utils v1.1.0/go.mod h1:ONJm3pHCq7nvaPNjusLZNCeCbhOhSBH4HVKHwK1FdYE=
github.com/gethinode/mod-utils/v2 v2.1.1 h1:aLBcS9Zbx+dqnu5oBsTM01AkkN5nwwifgbV4D0qiHnM=
github.com/gethinode/mod-utils/v2 v2.1.1/go.mod h1:GTYeknoLujNjfDxI+V9Dcug26CYJSTJ0B/U2dagw9oY=
github.com/gethinode/mod-utils/v2 v2.2.2 h1:ZRxWIJKmZIDYsoMS3WhxxC+BWJrkd1dcZ8rz/cLZExc=
github.com/gethinode/mod-utils/v2 v2.2.2/go.mod h1:GTYeknoLujNjfDxI+V9Dcug26CYJSTJ0B/U2dagw9oY=
github.com/gethinode/mod-utils/v2 v2.3.6 h1:Ta+WKc83sK9ZROKmUwS4pA32Qm0bQqoMmWHEOzDvZ5Y=
github.com/gethinode/mod-utils/v2 v2.3.6/go.mod h1:GTYeknoLujNjfDxI+V9Dcug26CYJSTJ0B/U2dagw9oY=
github.com/gethinode/mod-utils/v2 v2.3.7 h1:FFsUPO7NBp9Bhjovf0Ki5hnDGfeMKV/3RNz1Qpv7+oQ=
github.com/gethinode/mod-utils/v2 v2.3.7/go.mod h1:GTYeknoLujNjfDxI+V9Dcug26CYJSTJ0B/U2dagw9oY=
github.com/gethinode/mod-utils/v2 v2.3.8 h1:zAiDRCb3SsP9z6PUkCaiRLHOpqFhVf0xVhVOoTZNmAI=
github.com/gethinode/mod-utils/v2 v2.3.8/go.mod h1:GTYeknoLujNjfDxI+V9Dcug26CYJSTJ0B/U2dagw9oY=
github.com/gethinode/mod-utils/v2 v2.3.10 h1:+coUXdgAbLEE8Tvb3Rfk/1Nr6oDVreXI2sil0pa/n2Q=
github.com/gethinode/mod-utils/v2 v2.3.10/go.mod h1:GTYeknoLujNjfDxI+V9Dcug26CYJSTJ0B/U2dagw9oY=
github.com/gethinode/mod-utils/v2 v2.4.0 h1:mmG4hWaeA4krAg933pibH+TrjFmPHkAi/DUbe3SM38I=
github.com/gethinode/mod-utils/v2 v2.4.0/go.mod h1:GTYeknoLujNjfDxI+V9Dcug26CYJSTJ0B/U2dagw9oY=
github.com/gethinode/mod-utils/v2 v2.5.0 h1:9QboNU9KTpmJDS9JBjxavbknLVBJilocqo5KhC2FdME=
github.com/gethinode/mod-utils/v2 v2.5.0/go.mod h1:GTYeknoLujNjfDxI+V9Dcug26CYJSTJ0B/U2dagw9oY=
github.com/gethinode/mod-utils/v2 v2.5.2 h1:URGTpJo0dN4/oF2yL6o2d2pkcSlG1F0hgIF9UqpIs/E=
github.com/gethinode/mod-utils/v2 v2.5.2/go.mod h1:GTYeknoLujNjfDxI+V9Dcug26CYJSTJ0B/U2dagw9oY=
github.com/gethinode/mod-utils/v2 v2.7.0 h1:5CKygjsc7X4dFtb90ihWyDVvUp2iqoJE8C7M+jeWYus=
github.com/gethinode/mod-utils/v2 v2.7.0/go.mod h1:GTYeknoLujNjfDxI+V9Dcug26CYJSTJ0B/U2dagw9oY=
github.com/gethinode/mod-utils/v2 v2.8.2 h1:rKndAMmRBSO5Cgoa/2CvF5XchDSvLvd4TYAbfbbQVhE=
github.com/gethinode/mod-utils/v2 v2.8.2/go.mod h1:GTYeknoLujNjfDxI+V9Dcug26CYJSTJ0B/U2dagw9oY=
github.com/gethinode/mod-utils/v2 v2.8.3 h1:t1MJcIdFhYi0gCkm8f0DYZwyfq7pRdRc0eNpqZa11ic=
github.com/gethinode/mod-utils/v2 v2.8.3/go.mod h1:GTYeknoLujNjfDxI+V9Dcug26CYJSTJ0B/U2dagw9oY=
github.com/gethinode/mod-utils/v2 v2.8.4 h1:ZBkIxFezFz2IrbTt0Y3Nq5ac7klU5N8TY19Qnj5px4M=
github.com/gethinode/mod-utils/v2 v2.8.4/go.mod h1:GTYeknoLujNjfDxI+V9Dcug26CYJSTJ0B/U2dagw9oY=
github.com/nextapps-de/flexsearch v0.0.0-20230711092928-1243fd883ec3 h1:H/qVR5O4BXjRjD+5PZB+r4ug2BSJ2Of4RtwOntd+OKo=
github.com/nextapps-de/flexsearch v0.0.0-20230711092928-1243fd883ec3/go.mod h1:5GdMfPAXzbA2gXBqTjC6l27kioSYzHlqDMh0+wyx7sU=
github.com/nextapps-de/flexsearch v0.0.0-20240108021025-afd75f742f22 h1:re7L8FxbXQpnX8BgzkdUnDpsUmloGNyLmiy2ZCln8pg=
github.com/nextapps-de/flexsearch v0.0.0-20240108021025-afd75f742f22/go.mod h1:5GdMfPAXzbA2gXBqTjC6l27kioSYzHlqDMh0+wyx7sU=
github.com/nextapps-de/flexsearch v0.0.0-20240110101704-4c3966709f85 h1:H6xa5YyCHr78M+qqCApM4Kvz/eMA7pfGskYmfkEBRCA=
github.com/nextapps-de/flexsearch v0.0.0-20240110101704-4c3966709f85/go.mod h1:5GdMfPAXzbA2gXBqTjC6l27kioSYzHlqDMh0+wyx7sU=
github.com/nextapps-de/flexsearch v0.0.0-20240501124520-961c3ae84a87 h1:6PNbL0/LxO8Xl8MZSe5uvCidYNpFTz9nlWTqj2qdlzA=
github.com/nextapps-de/flexsearch v0.0.0-20240501124520-961c3ae84a87/go.mod h1:5GdMfPAXzbA2gXBqTjC6l27kioSYzHlqDMh0+wyx7sU=
github.com/twbs/bootstrap v5.3.0+incompatible h1:4+staADO0OrqUv77m+XL+vHYojLH9oxb4Vxi9mnIJWg=
github.com/twbs/bootstrap v5.3.0+incompatible/go.mod h1:fZTSrkpSf0/HkL0IIJzvVspTt1r9zuf7XlZau8kpcY0=
github.com/twbs/bootstrap v5.3.2+incompatible h1:tuiO5acc6xnZUR77Sbi5aKWXxjYxbmsSbJwYrhAKoQQ=
github.com/twbs/bootstrap v5.3.2+incompatible/go.mod h1:fZTSrkpSf0/HkL0IIJzvVspTt1r9zuf7XlZau8kpcY0=
github.com/twbs/bootstrap v5.3.3+incompatible h1:goFoqinzdHfkeegpFP7pvhbd0g+A3O2hbU3XCjuNrEQ=
github.com/twbs/bootstrap v5.3.3+incompatible/go.mod h1:fZTSrkpSf0/HkL0IIJzvVspTt1r9zuf7XlZau8kpcY0=
