github.com/FortAwesome/Font-Awesome v0.0.0-20260625220317-70fb2dd154b6 h1:slcJCZg0UQMHqw5JCoVmE8/IJfoNUprTmP2T3lDG9VY=
github.com/FortAwesome/Font-Awesome v0.0.0-20260625220317-70fb2dd154b6/go.mod h1:IUgezN/MFpCDIlFezw3L8j83oeiIuYoj28Miwr/KUYo=
github.com/airbnb/lottie-web v5.13.0+incompatible h1:plBV5Uq/F1kK0EC61Hr0cBGReI9OgUfd/pp0baoDX8o=
github.com/airbnb/lottie-web v5.13.0+incompatible/go.mod h1:nTss557UK9FGnp8QYlCMO29tjUHwbdAHG/DprbGfHGE=
github.com/cloudcannon/bookshop/hugo/v3 v3.18.5 h1:AKWzUQpWcBSbJgHQ/5cfPQtGX40bn8vbHBGk4rlHEGE=
github.com/cloudcannon/bookshop/hugo/v3 v3.18.5/go.mod h1:s7mIonDhtsLcn10ZKuVXyqd6BDHI8vT1WQhZw8rPfY8=
github.com/gethinode/hinode/v3 v3.0.0 h1:1ksEZYvTpD27XODFPUbIQ9UfjcD4tiJRt44OME0P6u8=
github.com/gethinode/hinode/v3 v3.0.0/go.mod h1:WuAa/ga+jArmSJ97j2Qi4L47y899smP76oQhGy9AZ/I=
github.com/gethinode/mod-blocks/v2 v2.0.1 h1:BoHDy2PqZfSQ5kolAjnem2gWOarxVCRzaJZ6owM0oCs=
github.com/gethinode/mod-blocks/v2 v2.0.1/go.mod h1:yhZH/AHvPlr1IkYu9GRmhvsLBlyvwpO0T8DvnKUITDw=
github.com/gethinode/mod-bootstrap v1.3.7 h1:rbjOg//q7dbsM+TkDQLsyk9LKv93D1RUjtcSkvV55UU=
github.com/gethinode/mod-bootstrap v1.3.7/go.mod h1:CxrYCFzKtBMz3YWG5i/d5jHKCgvUo60NFcCmz2mxCjQ=
github.com/gethinode/mod-csp v1.0.11 h1:kQKQWF0UL/RT8m5t+VBbTGyo2vTWmCwVXKrHDuCwCU4=
github.com/gethinode/mod-csp v1.0.11/go.mod h1:Nb22QMicoUHgZQUKP5TCgVrSI8K3KU7jLuLBShmotjg=
github.com/gethinode/mod-flexsearch/v5 v5.0.0 h1:JsrsKejSRxirUyfCZheLFkQVAJKdtRDr/d0lRKjrLYw=
github.com/gethinode/mod-flexsearch/v5 v5.0.0/go.mod h1:FGj0l97PX7OnDjvFtdFrq3g3BJPeal7FiSgrtd6Yxdo=
github.com/gethinode/mod-fontawesome/v6 v6.0.0 h1:PrfiMfVEAM5Lpnkp+sXOtOdRSOe3l56z+ngrPcACzlA=
github.com/gethinode/mod-fontawesome/v6 v6.0.0/go.mod h1:ayMslv2xpC5cjxUVTkIlFBbOd1LM5ezIr0OSOr6q8Gk=
github.com/gethinode/mod-google-analytics/v2 v2.0.3 h1:G2uwsOmgpjNA0Zcftvzlz++qXCFb5DMn5e54H3GZnUA=
github.com/gethinode/mod-google-analytics/v2 v2.0.3/go.mod h1:y4ZlacA8FSXjmvn9P8cZshOrBB5Wc+3p0DKSehkk+8E=
github.com/gethinode/mod-katex v1.1.5 h1:Fp0BGdf3m9xWOQHx1hILi78gpNHRwdTpruQpLHpTCFw=
github.com/gethinode/mod-katex v1.1.5/go.mod h1:byAfpI3wuqNJIooTGVEGc1cjBhhCy4+CcK1H6495MYg=
github.com/gethinode/mod-leaflet/v3 v3.0.0 h1:rNjdruvS08bxqsLFEWNt9aU2KCbHiRlEKpKIutqWVOw=
github.com/gethinode/mod-leaflet/v3 v3.0.0/go.mod h1:FsoyVRb3DRZBb2jWPV4yJNqbmOKmCwaJgom2hbWZXnA=
github.com/gethinode/mod-lottie/v3 v3.0.0 h1:gTSuMNmaN72YWeeGYkIVukZDmJnu2ROF+yYQmTN4Rk4=
github.com/gethinode/mod-lottie/v3 v3.0.0/go.mod h1:t1aH0lLklNCchd398reXJtI0kAHkf3SXjo3tqi355wg=
github.com/gethinode/mod-mermaid/v5 v5.0.0 h1:ZKVZ5a4znJdBvzHmQdZv9dGcI3TNUdA1szB6GleBqxs=
github.com/gethinode/mod-mermaid/v5 v5.0.0/go.mod h1:UzpYEHz1txw9sDI+l7EZexHccOdPnvwP1PInT9JKdoo=
github.com/gethinode/mod-simple-datatables/v4 v4.0.0 h1:Qv+i8Oz2slrAjKlngnIal02wMrSQVDh4r5fh8dkDXa8=
github.com/gethinode/mod-simple-datatables/v4 v4.0.0/go.mod h1:s/g95xKr/GUqJ90EXydgXS8YpyBxH6URj9HyMIq0VVk=
github.com/gethinode/mod-utils/v6 v6.3.0 h1:tFF7wp58vRzM3iAjV8znNZfURSc7HAVRu45vKLV/VXY=
github.com/gethinode/mod-utils/v6 v6.3.0/go.mod h1:E5tO9w3VKaidJpu1nI8zAKmh0bddFHOIIQnudAaXQTs=
github.com/nextapps-de/flexsearch v0.0.0-20260529083235-f7ed963096a0 h1:QDKcU3q39lFGzdVwM6kgCGnW3ibbMfYIi0Rwl62iJpo=
github.com/nextapps-de/flexsearch v0.0.0-20260529083235-f7ed963096a0/go.mod h1:5GdMfPAXzbA2gXBqTjC6l27kioSYzHlqDMh0+wyx7sU=
github.com/twbs/bootstrap v5.3.8+incompatible h1:eK1fsXP7R/FWFt+sSNmmvUH9usPocf240nWVw7Dh02o=
github.com/twbs/bootstrap v5.3.8+incompatible/go.mod h1:fZTSrkpSf0/HkL0IIJzvVspTt1r9zuf7XlZau8kpcY0=
