github.com/airbnb/lottie-web v5.12.2+incompatible h1:Ldogtlhiucf7mMsgisyxSBY0qunV44+lpa9Icy2KoQc=
github.com/airbnb/lottie-web v5.12.2+incompatible/go.mod h1:nTss557UK9FGnp8QYlCMO29tjUHwbdAHG/DprbGfHGE=
github.com/gethinode/hinode v0.16.1 h1:UJ4tn1FyaFvHRwUFhi1SMKmNIvI2DAdgdHdej2iDhSs=
github.com/gethinode/hinode v0.16.1/go.mod h1:xqMr5rSBg/DFNyh67VdUNT1oHdqSMvUa+uewH2KA5Zo=
github.com/gethinode/hinode v0.16.2 h1:OMiK3ww0IzCv66Of0ROr/0oyUFWm1Efg/zY8UdpGNOw=
github.com/gethinode/hinode v0.16.2/go.mod h1:xqMr5rSBg/DFNyh67VdUNT1oHdqSMvUa+uewH2KA5Zo=
github.com/gethinode/hinode v0.16.3 h1:icMqtPS/m3FD3/HIJefzr1uGP0tGUMuMu3pAJt99yHI=
github.com/gethinode/hinode v0.16.3/go.mod h1:xqMr5rSBg/DFNyh67VdUNT1oHdqSMvUa+uewH2KA5Zo=
github.com/gethinode/hinode v0.17.4 h1:95V5yCVPuIYWtEpmgtwPaJdWboyOPYWVmLoU9JN59YI=
github.com/gethinode/hinode v0.17.4/go.mod h1:f0z7aKz8YoFYOuv7C3DKEhC67B3lb2jvYRV2noiEaYk=
github.com/gethinode/hinode v0.18.1 h1:KSqEYkpC3fP8gOT1ZFSE6HbTNvb+AVW4xUxu2u2V5hI=
github.com/gethinode/hinode v0.18.1/go.mod h1:TcI/H42BxRS4UNqz9/bC246sYC6z3Ssfv0ZuOF5wEpM=
github.com/gethinode/hinode v0.18.2 h1:6h0I8msw7+4q8d8sn23rMU2PUnbJFZnuQWRX3ihMA8A=
github.com/gethinode/hinode v0.18.2/go.mod h1:TcI/H42BxRS4UNqz9/bC246sYC6z3Ssfv0ZuOF5wEpM=
github.com/gethinode/hinode v0.18.3 h1:uYZ3I52GynklBM1Dr/tA8DKrjAp454DiRU2t7TGXNiw=
github.com/gethinode/hinode v0.18.3/go.mod h1:TcI/H42BxRS4UNqz9/bC246sYC6z3Ssfv0ZuOF5wEpM=
github.com/gethinode/hinode v0.18.5 h1:6oKtmz2EPfOMY6sy15GWDIJcpjlsswPl78ZqwsCvcwI=
github.com/gethinode/hinode v0.18.5/go.mod h1:TcI/H42BxRS4UNqz9/bC246sYC6z3Ssfv0ZuOF5wEpM=
github.com/gethinode/hinode v0.18.6 h1:AWzrwNOEtRIs67FjNCmeN4yL/bXf1FbCTAqHg2FfQiQ=
github.com/gethinode/hinode v0.18.6/go.mod h1:TcI/H42BxRS4UNqz9/bC246sYC6z3Ssfv0ZuOF5wEpM=
github.com/gethinode/hinode v0.18.7 h1:I2MwE1K2E7TjTiPaHUNGNLrD0FGxN0oS3svMlluGrmE=
github.com/gethinode/hinode v0.18.7/go.mod h1:TcI/H42BxRS4UNqz9/bC246sYC6z3Ssfv0ZuOF5wEpM=
github.com/gethinode/hinode v0.19.0 h1:7QDAA0RGUvFJMlmzoBfUy8b27yI5+84xPBc5/1qfWrU=
github.com/gethinode/hinode v0.19.0/go.mod h1:2+ioIlr+xp8k1eES6vGXWmmoxu+Mz+FHan3Ea8YPFd0=
github.com/gethinode/hinode v0.20.0 h1:A6lxLIdKUMHOFWz9D7iQaSpqcMlKDPK1e/Cs3/SV1P8=
github.com/gethinode/hinode v0.20.0/go.mod h1:/q/TH3TlGSzBHunDb3TdrpO7Zrckr0CeLay/Qpj9uWQ=
github.com/gethinode/hinode v0.20.1 h1:M2sNX1lpzwlogYFzn1fzZ5zTHU52zb7oSHIEnTze9LA=
github.com/gethinode/hinode v0.20.1/go.mod h1:55zVYVPWwIaJVdVXxDAQZn0sOXmPSA/kTLCuGLYCH/k=
github.com/gethinode/hinode v0.20.2 h1:2Tcz593v9CAezogZzX9fXiN49nbUCkFbOacsAyjM1YI=
github.com/gethinode/hinode v0.20.2/go.mod h1:55zVYVPWwIaJVdVXxDAQZn0sOXmPSA/kTLCuGLYCH/k=
github.com/gethinode/hinode v0.20.3 h1:isWMVc6NAN3FuzXnIrvLKkaWbtwtyp7jYwoHGJdGx/4=
github.com/gethinode/hinode v0.20.3/go.mod h1:55zVYVPWwIaJVdVXxDAQZn0sOXmPSA/kTLCuGLYCH/k=
github.com/gethinode/hinode v0.20.4 h1:bdO6SqgY5goC1GhplfWXF4I7wDvPPGe0MZYqE4ygNU4=
github.com/gethinode/hinode v0.20.4/go.mod h1:mGm4kP3NaGNdlnchj6UjxF0PsZ+bVTP1Rhjtq30kidQ=
github.com/gethinode/hinode v0.20.5 h1:rzzBBHjW1DrH8R8h11xp5ugPKfUqsZge6vBo15tjxZc=
github.com/gethinode/hinode v0.20.5/go.mod h1:cJjvH62yO9H9XHWatxHRasCvi8D4KXldR1ZQVCa5+Kc=
github.com/gethinode/hinode v0.20.7 h1:oO94X9qLepgk5yPnyma0U80fZyx0LJGNNRJ2Px5na0Y=
github.com/gethinode/hinode v0.20.7/go.mod h1:NKzXcB6LErY5jTUhvi/w6TBihwjujLVNuWVbrcwUBOk=
github.com/nextapps-de/flexsearch v0.0.0-20230711092928-1243fd883ec3 h1:H/qVR5O4BXjRjD+5PZB+r4ug2BSJ2Of4RtwOntd+OKo=
github.com/nextapps-de/flexsearch v0.0.0-20230711092928-1243fd883ec3/go.mod h1:5GdMfPAXzbA2gXBqTjC6l27kioSYzHlqDMh0+wyx7sU=
github.com/twbs/bootstrap v5.3.0+incompatible h1:4+staADO0OrqUv77m+XL+vHYojLH9oxb4Vxi9mnIJWg=
github.com/twbs/bootstrap v5.3.0+incompatible/go.mod h1:fZTSrkpSf0/HkL0IIJzvVspTt1r9zuf7XlZau8kpcY0=
